<?xml version="1.0" encoding="utf-8"?>
<Project ToolsVersion="4.0" xmlns="http://schemas.microsoft.com/developer/msbuild/2003">
  <ItemGroup>
    <ClCompile Include="src\AudioManager.cpp" />
    <ClCompile Include="src\BaseObject.cpp" />
    <ClCompile Include="src\Camera.cpp" />
    <ClCompile Include="src\FontTexture.cpp" />
    <ClCompile Include="src\Game.cpp" />
    <ClCompile Include="src\GameActor.cpp" />
    <ClCompile Include="src\InputManager.cpp" />
    <ClCompile Include="src\Main.cpp" />
    <ClCompile Include="src\Player.cpp" />
    <ClCompile Include="src\ResourceManager.cpp" />
    <ClCompile Include="src\Scene.cpp" />
    <ClCompile Include="src\SceneManager.cpp" />
    <ClCompile Include="src\Timer.cpp" />
    <ClCompile Include="src\Tree.cpp" />
  </ItemGroup>
  <ItemGroup>
    <ClInclude Include="inc\AudioManager.h" />
    <ClInclude Include="inc\BaseObject.h" />
    <ClInclude Include="inc\Camera.h" />
    <ClInclude Include="inc\CONSTANTS.h" />
    <ClInclude Include="inc\FontTexture.h" />
    <ClInclude Include="inc\Game.h" />
    <ClInclude Include="inc\GameActor.h" />
    <ClInclude Include="inc\InputManager.h" />
    <ClInclude Include="inc\Player.h" />
    <ClInclude Include="inc\ResourceManager.h" />
    <ClInclude Include="inc\Scene.h" />
    <ClInclude Include="inc\SceneManager.h" />
    <ClInclude Include="inc\Timer.h" />
    <ClInclude Include="inc\Tree.h" />
  </ItemGroup>
  <ItemGroup>
    <Media Include="res\snd\fx\high.wav" />
    <Media Include="res\snd\fx\low.wav" />
    <Media Include="res\snd\fx\medium.wav" />
    <Media Include="res\snd\fx\Scratch1.wav" />
    <Media Include="res\snd\fx\steps.wav" />
    <Media Include="res\snd\mus\ambient.wav" />
    <Media Include="res\snd\mus\default.wav" />
  </ItemGroup>
  <ItemGroup>
    <Image Include="res\img\default.png" />
    <Image Include="res\img\dot.png" />
  </ItemGroup>
  <ItemGroup>
    <Font Include="res\font\default.ttf" />
    <Font Include="res\font\testFont.TTF" />
  </ItemGroup>
</Project>